// !$*UTF8*$!
{
	archiveVersion = 1;
	classes = {
	};
	objectVersion = 46;
	objects = {

/* Begin PBXBuildFile section */
		9408F0401C1C8160002F9637 /* LoginTableViewController.swift in Sources */ = {isa = PBXBuildFile; fileRef = 9408F03F1C1C8160002F9637 /* LoginTableViewController.swift */; };
		9408F0441C1C8461002F9637 /* StringExtension.swift in Sources */ = {isa = PBXBuildFile; fileRef = 9408F0431C1C8461002F9637 /* StringExtension.swift */; };
		9408F0461C1C855F002F9637 /* ZGTextFieldTableViewCell.swift in Sources */ = {isa = PBXBuildFile; fileRef = 9408F0451C1C855F002F9637 /* ZGTextFieldTableViewCell.swift */; };
		9415E5221CCF7E980091954A /* Localizable.strings in Resources */ = {isa = PBXBuildFile; fileRef = 9415E5241CCF7E980091954A /* Localizable.strings */; };
		9423A1E11C4E690700D18198 /* FeedTableViewCell.swift in Sources */ = {isa = PBXBuildFile; fileRef = 9423A1E01C4E690700D18198 /* FeedTableViewCell.swift */; };
		942667A21C60CA1600CF00FA /* HistoryItemView.swift in Sources */ = {isa = PBXBuildFile; fileRef = 942667A11C60CA1600CF00FA /* HistoryItemView.swift */; };
		9438B3501D0AB71300764176 /* ZGSlideInPresentationController.swift in Sources */ = {isa = PBXBuildFile; fileRef = 9438B34F1D0AB71300764176 /* ZGSlideInPresentationController.swift */; };
		943FB7451CFC3A700007C522 /* ZeeguuPagePreparation.js in Resources */ = {isa = PBXBuildFile; fileRef = 943FB7441CFC3A700007C522 /* ZeeguuPagePreparation.js */; };
		943FB7471CFC3B980007C522 /* ZeeguuVars.js in Resources */ = {isa = PBXBuildFile; fileRef = 943FB7461CFC3B980007C522 /* ZeeguuVars.js */; };
		943FB7491CFC4AF90007C522 /* ZeeguuHelperFunctions.js in Resources */ = {isa = PBXBuildFile; fileRef = 943FB7481CFC4AF90007C522 /* ZeeguuHelperFunctions.js */; };
		9440B02A1C380A1900BDD367 /* FeedOverviewTableViewController.swift in Sources */ = {isa = PBXBuildFile; fileRef = 9440B0291C380A1900BDD367 /* FeedOverviewTableViewController.swift */; };
		9440B02C1C380CBC00BDD367 /* ZGTableViewController.swift in Sources */ = {isa = PBXBuildFile; fileRef = 9440B02B1C380CBC00BDD367 /* ZGTableViewController.swift */; };
		944FCB311CC38138003CF9F6 /* ArticleViewOptionsTableViewController.swift in Sources */ = {isa = PBXBuildFile; fileRef = 944FCB301CC38138003CF9F6 /* ArticleViewOptionsTableViewController.swift */; };
		945658191C42B804000CDF3F /* AppIcon.swift in Sources */ = {isa = PBXBuildFile; fileRef = 945658181C42B804000CDF3F /* AppIcon.swift */; };
		946317471CEB4EA900B67532 /* zeeguu.css in Resources */ = {isa = PBXBuildFile; fileRef = 946317461CEB4EA800B67532 /* zeeguu.css */; };
		9467CEDA1D04259B00D07DFE /* Constants.swift in Sources */ = {isa = PBXBuildFile; fileRef = 9467CED91D04259B00D07DFE /* Constants.swift */; };
		94771E1D1D0597DD00D0F171 /* ArticleInfoView.swift in Sources */ = {isa = PBXBuildFile; fileRef = 94771E1C1D0597DD00D0F171 /* ArticleInfoView.swift */; };
		947799D51C17171B00C494ED /* AppDelegate.swift in Sources */ = {isa = PBXBuildFile; fileRef = 947799D41C17171B00C494ED /* AppDelegate.swift */; };
		947799D71C17171B00C494ED /* ArticleListViewController.swift in Sources */ = {isa = PBXBuildFile; fileRef = 947799D61C17171B00C494ED /* ArticleListViewController.swift */; };
		947799D91C17171B00C494ED /* ArticleViewController.swift in Sources */ = {isa = PBXBuildFile; fileRef = 947799D81C17171B00C494ED /* ArticleViewController.swift */; };
		947799DE1C17171B00C494ED /* Images.xcassets in Resources */ = {isa = PBXBuildFile; fileRef = 947799DD1C17171B00C494ED /* Images.xcassets */; };
		947799E11C17171B00C494ED /* LaunchScreen.storyboard in Resources */ = {isa = PBXBuildFile; fileRef = 947799DF1C17171B00C494ED /* LaunchScreen.storyboard */; };
		947799EC1C17171B00C494ED /* Zeeguu_ReaderTests.swift in Sources */ = {isa = PBXBuildFile; fileRef = 947799EB1C17171B00C494ED /* Zeeguu_ReaderTests.swift */; };
		947799F71C17171B00C494ED /* Zeeguu_ReaderUITests.swift in Sources */ = {isa = PBXBuildFile; fileRef = 947799F61C17171B00C494ED /* Zeeguu_ReaderUITests.swift */; };
		94779A0E1C1722E500C494ED /* UIViewExtension.swift in Sources */ = {isa = PBXBuildFile; fileRef = 94779A0D1C1722E500C494ED /* UIViewExtension.swift */; };
		94779A121C17348B00C494ED /* ArticleViewTranslationMode.swift in Sources */ = {isa = PBXBuildFile; fileRef = 94779A111C17348B00C494ED /* ArticleViewTranslationMode.swift */; };
		94779A2A1C17452800C494ED /* ZGTextView.swift in Sources */ = {isa = PBXBuildFile; fileRef = 94779A291C17452800C494ED /* ZGTextView.swift */; };
		949B6C431C4D4DDC00CF9BB0 /* SelectFeedsTableViewController.swift in Sources */ = {isa = PBXBuildFile; fileRef = 949B6C421C4D4DDC00CF9BB0 /* SelectFeedsTableViewController.swift */; };
		949D59B31C7DD32D007C4A0C /* AppColor.swift in Sources */ = {isa = PBXBuildFile; fileRef = 949D59B21C7DD32D007C4A0C /* AppColor.swift */; };
		949FC8451CDA337A003BFA44 /* jquery-2.2.3.min.js in Resources */ = {isa = PBXBuildFile; fileRef = 949FC8441CDA337A003BFA44 /* jquery-2.2.3.min.js */; };
		94B758321C36B797001B4294 /* AddFeedTableViewController.swift in Sources */ = {isa = PBXBuildFile; fileRef = 94B758311C36B797001B4294 /* AddFeedTableViewController.swift */; };
		94C748281C39220400F3DCC2 /* HistoryTableViewController.swift in Sources */ = {isa = PBXBuildFile; fileRef = 94C748271C39220400F3DCC2 /* HistoryTableViewController.swift */; };
		94C7482F1C39498200F3DCC2 /* ProfileTableViewController.swift in Sources */ = {isa = PBXBuildFile; fileRef = 94C7482E1C39498200F3DCC2 /* ProfileTableViewController.swift */; };
		94CEECE31C1D792E00C3D0E3 /* Utils.swift in Sources */ = {isa = PBXBuildFile; fileRef = 94CEECE21C1D792E00C3D0E3 /* Utils.swift */; };
		94CEECE51C1D7C3200C3D0E3 /* UIViewControllerExtension.swift in Sources */ = {isa = PBXBuildFile; fileRef = 94CEECE41C1D7C3200C3D0E3 /* UIViewControllerExtension.swift */; };
		94CEECE91C1DA27A00C3D0E3 /* RegisterTableViewController.swift in Sources */ = {isa = PBXBuildFile; fileRef = 94CEECE81C1DA27A00C3D0E3 /* RegisterTableViewController.swift */; };
		94CEECEB1C1DA41300C3D0E3 /* LoginRegisterTableViewController.swift in Sources */ = {isa = PBXBuildFile; fileRef = 94CEECEA1C1DA41300C3D0E3 /* LoginRegisterTableViewController.swift */; };
		94CEECED1C1DA54000C3D0E3 /* LanguagesTableViewController.swift in Sources */ = {isa = PBXBuildFile; fileRef = 94CEECEC1C1DA54000C3D0E3 /* LanguagesTableViewController.swift */; };
		94E7CF221CF345F7001F119B /* UpdateTranslationViewController.swift in Sources */ = {isa = PBXBuildFile; fileRef = 94E7CF211CF345F7001F119B /* UpdateTranslationViewController.swift */; };
		94F208861C58C6F30005EB2F /* ArticleTableViewCell.swift in Sources */ = {isa = PBXBuildFile; fileRef = 94F208851C58C6F30005EB2F /* ArticleTableViewCell.swift */; };
		94F2088A1C58D4870005EB2F /* HistoryItemViewController.swift in Sources */ = {isa = PBXBuildFile; fileRef = 94F208891C58D4870005EB2F /* HistoryItemViewController.swift */; };
		94F7AFF31CD89F7B00BBF12F /* ZeeguuPageInteraction.js in Resources */ = {isa = PBXBuildFile; fileRef = 94F7AFF11CD89D6300BBF12F /* ZeeguuPageInteraction.js */; };
		94F7AFF51CD8A79F00BBF12F /* ZGWebView.swift in Sources */ = {isa = PBXBuildFile; fileRef = 94F7AFF41CD8A79F00BBF12F /* ZGWebView.swift */; };
		94FC8D021CDB874F0032E72A /* ZGJavaScriptAction.swift in Sources */ = {isa = PBXBuildFile; fileRef = 94FC8D011CDB874F0032E72A /* ZGJavaScriptAction.swift */; };
		C64224C010805D40DD672A3B /* Pods_Zeeguu_Reader.framework in Frameworks */ = {isa = PBXBuildFile; fileRef = 48CDF19FFC36B1EEB27D5FE2 /* Pods_Zeeguu_Reader.framework */; };
/* End PBXBuildFile section */

/* Begin PBXContainerItemProxy section */
		947799E81C17171B00C494ED /* PBXContainerItemProxy */ = {
			isa = PBXContainerItemProxy;
			containerPortal = 947799C91C17171B00C494ED /* Project object */;
			proxyType = 1;
			remoteGlobalIDString = 947799D01C17171B00C494ED;
			remoteInfo = "Zeeguu Reader";
		};
		947799F31C17171B00C494ED /* PBXContainerItemProxy */ = {
			isa = PBXContainerItemProxy;
			containerPortal = 947799C91C17171B00C494ED /* Project object */;
			proxyType = 1;
			remoteGlobalIDString = 947799D01C17171B00C494ED;
			remoteInfo = "Zeeguu Reader";
		};
/* End PBXContainerItemProxy section */

/* Begin PBXFileReference section */
		44F98B3CC36CEA2DA0CFC6CC /* Pods-Zeeguu Reader.release.xcconfig */ = {isa = PBXFileReference; includeInIndex = 1; lastKnownFileType = text.xcconfig; name = "Pods-Zeeguu Reader.release.xcconfig"; path = "Pods/Target Support Files/Pods-Zeeguu Reader/Pods-Zeeguu Reader.release.xcconfig"; sourceTree = "<group>"; };
		48CDF19FFC36B1EEB27D5FE2 /* Pods_Zeeguu_Reader.framework */ = {isa = PBXFileReference; explicitFileType = wrapper.framework; includeInIndex = 0; path = Pods_Zeeguu_Reader.framework; sourceTree = BUILT_PRODUCTS_DIR; };
		6E0CA9B220CAAD7E0CFC5869 /* Pods-Zeeguu Reader.debug.xcconfig */ = {isa = PBXFileReference; includeInIndex = 1; lastKnownFileType = text.xcconfig; name = "Pods-Zeeguu Reader.debug.xcconfig"; path = "Pods/Target Support Files/Pods-Zeeguu Reader/Pods-Zeeguu Reader.debug.xcconfig"; sourceTree = "<group>"; };
		9408F03F1C1C8160002F9637 /* LoginTableViewController.swift */ = {isa = PBXFileReference; fileEncoding = 4; lastKnownFileType = sourcecode.swift; path = LoginTableViewController.swift; sourceTree = "<group>"; };
		9408F0431C1C8461002F9637 /* StringExtension.swift */ = {isa = PBXFileReference; fileEncoding = 4; lastKnownFileType = sourcecode.swift; path = StringExtension.swift; sourceTree = "<group>"; };
		9408F0451C1C855F002F9637 /* ZGTextFieldTableViewCell.swift */ = {isa = PBXFileReference; fileEncoding = 4; lastKnownFileType = sourcecode.swift; path = ZGTextFieldTableViewCell.swift; sourceTree = "<group>"; };
		9415E5231CCF7E980091954A /* en */ = {isa = PBXFileReference; lastKnownFileType = text.plist.strings; name = en; path = en.lproj/Localizable.strings; sourceTree = "<group>"; };
		9423A1E01C4E690700D18198 /* FeedTableViewCell.swift */ = {isa = PBXFileReference; fileEncoding = 4; lastKnownFileType = sourcecode.swift; path = FeedTableViewCell.swift; sourceTree = "<group>"; };
		942667A11C60CA1600CF00FA /* HistoryItemView.swift */ = {isa = PBXFileReference; fileEncoding = 4; lastKnownFileType = sourcecode.swift; path = HistoryItemView.swift; sourceTree = "<group>"; };
		9438B34F1D0AB71300764176 /* ZGSlideInPresentationController.swift */ = {isa = PBXFileReference; fileEncoding = 4; lastKnownFileType = sourcecode.swift; path = ZGSlideInPresentationController.swift; sourceTree = "<group>"; };
		943FB7441CFC3A700007C522 /* ZeeguuPagePreparation.js */ = {isa = PBXFileReference; fileEncoding = 4; lastKnownFileType = sourcecode.javascript; path = ZeeguuPagePreparation.js; sourceTree = "<group>"; };
		943FB7461CFC3B980007C522 /* ZeeguuVars.js */ = {isa = PBXFileReference; fileEncoding = 4; lastKnownFileType = sourcecode.javascript; path = ZeeguuVars.js; sourceTree = "<group>"; };
		943FB7481CFC4AF90007C522 /* ZeeguuHelperFunctions.js */ = {isa = PBXFileReference; fileEncoding = 4; lastKnownFileType = sourcecode.javascript; path = ZeeguuHelperFunctions.js; sourceTree = "<group>"; };
		9440B0291C380A1900BDD367 /* FeedOverviewTableViewController.swift */ = {isa = PBXFileReference; fileEncoding = 4; lastKnownFileType = sourcecode.swift; path = FeedOverviewTableViewController.swift; sourceTree = "<group>"; };
		9440B02B1C380CBC00BDD367 /* ZGTableViewController.swift */ = {isa = PBXFileReference; fileEncoding = 4; lastKnownFileType = sourcecode.swift; path = ZGTableViewController.swift; sourceTree = "<group>"; };
		944FCB301CC38138003CF9F6 /* ArticleViewOptionsTableViewController.swift */ = {isa = PBXFileReference; fileEncoding = 4; lastKnownFileType = sourcecode.swift; path = ArticleViewOptionsTableViewController.swift; sourceTree = "<group>"; };
		945658181C42B804000CDF3F /* AppIcon.swift */ = {isa = PBXFileReference; fileEncoding = 4; lastKnownFileType = sourcecode.swift; path = AppIcon.swift; sourceTree = "<group>"; };
		946317461CEB4EA800B67532 /* zeeguu.css */ = {isa = PBXFileReference; fileEncoding = 4; lastKnownFileType = text.css; path = zeeguu.css; sourceTree = "<group>"; };
		9467CED91D04259B00D07DFE /* Constants.swift */ = {isa = PBXFileReference; fileEncoding = 4; lastKnownFileType = sourcecode.swift; path = Constants.swift; sourceTree = "<group>"; };
		94771E1C1D0597DD00D0F171 /* ArticleInfoView.swift */ = {isa = PBXFileReference; fileEncoding = 4; lastKnownFileType = sourcecode.swift; path = ArticleInfoView.swift; sourceTree = "<group>"; };
		947799D11C17171B00C494ED /* Zeeguu Reader.app */ = {isa = PBXFileReference; explicitFileType = wrapper.application; includeInIndex = 0; path = "Zeeguu Reader.app"; sourceTree = BUILT_PRODUCTS_DIR; };
		947799D41C17171B00C494ED /* AppDelegate.swift */ = {isa = PBXFileReference; lastKnownFileType = sourcecode.swift; path = AppDelegate.swift; sourceTree = "<group>"; };
		947799D61C17171B00C494ED /* ArticleListViewController.swift */ = {isa = PBXFileReference; lastKnownFileType = sourcecode.swift; path = ArticleListViewController.swift; sourceTree = "<group>"; };
		947799D81C17171B00C494ED /* ArticleViewController.swift */ = {isa = PBXFileReference; lastKnownFileType = sourcecode.swift; path = ArticleViewController.swift; sourceTree = "<group>"; };
		947799DD1C17171B00C494ED /* Images.xcassets */ = {isa = PBXFileReference; lastKnownFileType = folder.assetcatalog; path = Images.xcassets; sourceTree = "<group>"; };
		947799E01C17171B00C494ED /* Base */ = {isa = PBXFileReference; lastKnownFileType = file.storyboard; name = Base; path = Base.lproj/LaunchScreen.storyboard; sourceTree = "<group>"; };
		947799E21C17171B00C494ED /* Info.plist */ = {isa = PBXFileReference; lastKnownFileType = text.plist.xml; path = Info.plist; sourceTree = "<group>"; };
		947799E71C17171B00C494ED /* Zeeguu ReaderTests.xctest */ = {isa = PBXFileReference; explicitFileType = wrapper.cfbundle; includeInIndex = 0; path = "Zeeguu ReaderTests.xctest"; sourceTree = BUILT_PRODUCTS_DIR; };
		947799EB1C17171B00C494ED /* Zeeguu_ReaderTests.swift */ = {isa = PBXFileReference; lastKnownFileType = sourcecode.swift; path = Zeeguu_ReaderTests.swift; sourceTree = "<group>"; };
		947799ED1C17171B00C494ED /* Info.plist */ = {isa = PBXFileReference; lastKnownFileType = text.plist.xml; path = Info.plist; sourceTree = "<group>"; };
		947799F21C17171B00C494ED /* Zeeguu ReaderUITests.xctest */ = {isa = PBXFileReference; explicitFileType = wrapper.cfbundle; includeInIndex = 0; path = "Zeeguu ReaderUITests.xctest"; sourceTree = BUILT_PRODUCTS_DIR; };
		947799F61C17171B00C494ED /* Zeeguu_ReaderUITests.swift */ = {isa = PBXFileReference; lastKnownFileType = sourcecode.swift; path = Zeeguu_ReaderUITests.swift; sourceTree = "<group>"; };
		947799F81C17171B00C494ED /* Info.plist */ = {isa = PBXFileReference; lastKnownFileType = text.plist.xml; path = Info.plist; sourceTree = "<group>"; };
		94779A0D1C1722E500C494ED /* UIViewExtension.swift */ = {isa = PBXFileReference; fileEncoding = 4; lastKnownFileType = sourcecode.swift; path = UIViewExtension.swift; sourceTree = "<group>"; };
		94779A111C17348B00C494ED /* ArticleViewTranslationMode.swift */ = {isa = PBXFileReference; fileEncoding = 4; lastKnownFileType = sourcecode.swift; path = ArticleViewTranslationMode.swift; sourceTree = "<group>"; };
		94779A291C17452800C494ED /* ZGTextView.swift */ = {isa = PBXFileReference; fileEncoding = 4; lastKnownFileType = sourcecode.swift; path = ZGTextView.swift; sourceTree = "<group>"; };
		949B6C421C4D4DDC00CF9BB0 /* SelectFeedsTableViewController.swift */ = {isa = PBXFileReference; fileEncoding = 4; lastKnownFileType = sourcecode.swift; path = SelectFeedsTableViewController.swift; sourceTree = "<group>"; };
		949D59B21C7DD32D007C4A0C /* AppColor.swift */ = {isa = PBXFileReference; fileEncoding = 4; lastKnownFileType = sourcecode.swift; path = AppColor.swift; sourceTree = "<group>"; };
		949FC8441CDA337A003BFA44 /* jquery-2.2.3.min.js */ = {isa = PBXFileReference; fileEncoding = 4; lastKnownFileType = sourcecode.javascript; path = "jquery-2.2.3.min.js"; sourceTree = "<group>"; };
		94B758311C36B797001B4294 /* AddFeedTableViewController.swift */ = {isa = PBXFileReference; fileEncoding = 4; lastKnownFileType = sourcecode.swift; path = AddFeedTableViewController.swift; sourceTree = "<group>"; };
		94C748271C39220400F3DCC2 /* HistoryTableViewController.swift */ = {isa = PBXFileReference; fileEncoding = 4; lastKnownFileType = sourcecode.swift; path = HistoryTableViewController.swift; sourceTree = "<group>"; };
		94C7482E1C39498200F3DCC2 /* ProfileTableViewController.swift */ = {isa = PBXFileReference; fileEncoding = 4; lastKnownFileType = sourcecode.swift; path = ProfileTableViewController.swift; sourceTree = "<group>"; };
		94CEECE21C1D792E00C3D0E3 /* Utils.swift */ = {isa = PBXFileReference; fileEncoding = 4; lastKnownFileType = sourcecode.swift; path = Utils.swift; sourceTree = "<group>"; };
		94CEECE41C1D7C3200C3D0E3 /* UIViewControllerExtension.swift */ = {isa = PBXFileReference; fileEncoding = 4; lastKnownFileType = sourcecode.swift; path = UIViewControllerExtension.swift; sourceTree = "<group>"; };
		94CEECE81C1DA27A00C3D0E3 /* RegisterTableViewController.swift */ = {isa = PBXFileReference; fileEncoding = 4; lastKnownFileType = sourcecode.swift; path = RegisterTableViewController.swift; sourceTree = "<group>"; };
		94CEECEA1C1DA41300C3D0E3 /* LoginRegisterTableViewController.swift */ = {isa = PBXFileReference; fileEncoding = 4; lastKnownFileType = sourcecode.swift; path = LoginRegisterTableViewController.swift; sourceTree = "<group>"; };
		94CEECEC1C1DA54000C3D0E3 /* LanguagesTableViewController.swift */ = {isa = PBXFileReference; fileEncoding = 4; lastKnownFileType = sourcecode.swift; path = LanguagesTableViewController.swift; sourceTree = "<group>"; };
		94E7CF211CF345F7001F119B /* UpdateTranslationViewController.swift */ = {isa = PBXFileReference; fileEncoding = 4; lastKnownFileType = sourcecode.swift; path = UpdateTranslationViewController.swift; sourceTree = "<group>"; };
		94F208851C58C6F30005EB2F /* ArticleTableViewCell.swift */ = {isa = PBXFileReference; fileEncoding = 4; lastKnownFileType = sourcecode.swift; path = ArticleTableViewCell.swift; sourceTree = "<group>"; };
		94F208891C58D4870005EB2F /* HistoryItemViewController.swift */ = {isa = PBXFileReference; fileEncoding = 4; lastKnownFileType = sourcecode.swift; path = HistoryItemViewController.swift; sourceTree = "<group>"; };
		94F7AFF11CD89D6300BBF12F /* ZeeguuPageInteraction.js */ = {isa = PBXFileReference; fileEncoding = 4; lastKnownFileType = sourcecode.javascript; path = ZeeguuPageInteraction.js; sourceTree = "<group>"; };
		94F7AFF41CD8A79F00BBF12F /* ZGWebView.swift */ = {isa = PBXFileReference; fileEncoding = 4; lastKnownFileType = sourcecode.swift; path = ZGWebView.swift; sourceTree = "<group>"; };
		94FC8D011CDB874F0032E72A /* ZGJavaScriptAction.swift */ = {isa = PBXFileReference; fileEncoding = 4; lastKnownFileType = sourcecode.swift; path = ZGJavaScriptAction.swift; sourceTree = "<group>"; };
/* End PBXFileReference section */

/* Begin PBXFrameworksBuildPhase section */
		947799CE1C17171B00C494ED /* Frameworks */ = {
			isa = PBXFrameworksBuildPhase;
			buildActionMask = 2147483647;
			files = (
				C64224C010805D40DD672A3B /* Pods_Zeeguu_Reader.framework in Frameworks */,
			);
			runOnlyForDeploymentPostprocessing = 0;
		};
		947799E41C17171B00C494ED /* Frameworks */ = {
			isa = PBXFrameworksBuildPhase;
			buildActionMask = 2147483647;
			files = (
			);
			runOnlyForDeploymentPostprocessing = 0;
		};
		947799EF1C17171B00C494ED /* Frameworks */ = {
			isa = PBXFrameworksBuildPhase;
			buildActionMask = 2147483647;
			files = (
			);
			runOnlyForDeploymentPostprocessing = 0;
		};
/* End PBXFrameworksBuildPhase section */

/* Begin PBXGroup section */
		9440B0281C37F14C00BDD367 /* Feeds */ = {
			isa = PBXGroup;
			children = (
				9440B0291C380A1900BDD367 /* FeedOverviewTableViewController.swift */,
				94B758311C36B797001B4294 /* AddFeedTableViewController.swift */,
				949B6C421C4D4DDC00CF9BB0 /* SelectFeedsTableViewController.swift */,
				9423A1E01C4E690700D18198 /* FeedTableViewCell.swift */,
			);
			name = Feeds;
			sourceTree = "<group>";
		};
		947799C81C17171B00C494ED = {
			isa = PBXGroup;
			children = (
				947799D31C17171B00C494ED /* Zeeguu Reader */,
				947799EA1C17171B00C494ED /* Zeeguu ReaderTests */,
				947799F51C17171B00C494ED /* Zeeguu ReaderUITests */,
				947799D21C17171B00C494ED /* Products */,
				FA0A45C134501D06C425678E /* Pods */,
				98D46158BD119E1159EE4212 /* Frameworks */,
			);
			sourceTree = "<group>";
		};
		947799D21C17171B00C494ED /* Products */ = {
			isa = PBXGroup;
			children = (
				947799D11C17171B00C494ED /* Zeeguu Reader.app */,
				947799E71C17171B00C494ED /* Zeeguu ReaderTests.xctest */,
				947799F21C17171B00C494ED /* Zeeguu ReaderUITests.xctest */,
			);
			name = Products;
			sourceTree = "<group>";
		};
		947799D31C17171B00C494ED /* Zeeguu Reader */ = {
			isa = PBXGroup;
			children = (
				947799D41C17171B00C494ED /* AppDelegate.swift */,
				9440B0281C37F14C00BDD367 /* Feeds */,
				94C748261C3921E600F3DCC2 /* History */,
				94C7482D1C39496300F3DCC2 /* Profile */,
				94C7482B1C3936F400F3DCC2 /* Articles */,
				94C7482C1C393D1100F3DCC2 /* Classes */,
				94CEECE61C1DA24000C3D0E3 /* Login/Register */,
				94CEECE21C1D792E00C3D0E3 /* Utils.swift */,
				945658181C42B804000CDF3F /* AppIcon.swift */,
				949D59B21C7DD32D007C4A0C /* AppColor.swift */,
				9467CED91D04259B00D07DFE /* Constants.swift */,
				9415E5241CCF7E980091954A /* Localizable.strings */,
				947799DD1C17171B00C494ED /* Images.xcassets */,
				947799DF1C17171B00C494ED /* LaunchScreen.storyboard */,
				94F7AFEE1CD89D1C00BBF12F /* Resources */,
				947799E21C17171B00C494ED /* Info.plist */,
				94779A0C1C1722C300C494ED /* Extensions */,
			);
			path = "Zeeguu Reader";
			sourceTree = "<group>";
		};
		947799EA1C17171B00C494ED /* Zeeguu ReaderTests */ = {
			isa = PBXGroup;
			children = (
				947799EB1C17171B00C494ED /* Zeeguu_ReaderTests.swift */,
				947799ED1C17171B00C494ED /* Info.plist */,
			);
			path = "Zeeguu ReaderTests";
			sourceTree = "<group>";
		};
		947799F51C17171B00C494ED /* Zeeguu ReaderUITests */ = {
			isa = PBXGroup;
			children = (
				947799F61C17171B00C494ED /* Zeeguu_ReaderUITests.swift */,
				947799F81C17171B00C494ED /* Info.plist */,
			);
			path = "Zeeguu ReaderUITests";
			sourceTree = "<group>";
		};
		94779A0C1C1722C300C494ED /* Extensions */ = {
			isa = PBXGroup;
			children = (
				94779A0D1C1722E500C494ED /* UIViewExtension.swift */,
				9408F0431C1C8461002F9637 /* StringExtension.swift */,
				94CEECE41C1D7C3200C3D0E3 /* UIViewControllerExtension.swift */,
			);
			name = Extensions;
			sourceTree = "<group>";
		};
		94C748261C3921E600F3DCC2 /* History */ = {
			isa = PBXGroup;
			children = (
				94C748271C39220400F3DCC2 /* HistoryTableViewController.swift */,
				94F208891C58D4870005EB2F /* HistoryItemViewController.swift */,
				942667A11C60CA1600CF00FA /* HistoryItemView.swift */,
			);
			name = History;
			sourceTree = "<group>";
		};
		94C7482B1C3936F400F3DCC2 /* Articles */ = {
			isa = PBXGroup;
			children = (
				947799D61C17171B00C494ED /* ArticleListViewController.swift */,
				94F208851C58C6F30005EB2F /* ArticleTableViewCell.swift */,
				947799D81C17171B00C494ED /* ArticleViewController.swift */,
				94779A111C17348B00C494ED /* ArticleViewTranslationMode.swift */,
				944FCB301CC38138003CF9F6 /* ArticleViewOptionsTableViewController.swift */,
				94E7CF211CF345F7001F119B /* UpdateTranslationViewController.swift */,
				94771E1C1D0597DD00D0F171 /* ArticleInfoView.swift */,
			);
			name = Articles;
			sourceTree = "<group>";
		};
		94C7482C1C393D1100F3DCC2 /* Classes */ = {
			isa = PBXGroup;
			children = (
				94779A291C17452800C494ED /* ZGTextView.swift */,
				9408F0451C1C855F002F9637 /* ZGTextFieldTableViewCell.swift */,
				9440B02B1C380CBC00BDD367 /* ZGTableViewController.swift */,
				94F7AFF41CD8A79F00BBF12F /* ZGWebView.swift */,
				94FC8D011CDB874F0032E72A /* ZGJavaScriptAction.swift */,
				9438B34F1D0AB71300764176 /* ZGSlideInPresentationController.swift */,
			);
			name = Classes;
			sourceTree = "<group>";
		};
		94C7482D1C39496300F3DCC2 /* Profile */ = {
			isa = PBXGroup;
			children = (
				94C7482E1C39498200F3DCC2 /* ProfileTableViewController.swift */,
			);
			name = Profile;
			sourceTree = "<group>";
		};
		94CEECE61C1DA24000C3D0E3 /* Login/Register */ = {
			isa = PBXGroup;
			children = (
				9408F03F1C1C8160002F9637 /* LoginTableViewController.swift */,
				94CEECE81C1DA27A00C3D0E3 /* RegisterTableViewController.swift */,
				94CEECEA1C1DA41300C3D0E3 /* LoginRegisterTableViewController.swift */,
				94CEECEC1C1DA54000C3D0E3 /* LanguagesTableViewController.swift */,
			);
			name = Login/Register;
			sourceTree = "<group>";
		};
		94F7AFEE1CD89D1C00BBF12F /* Resources */ = {
			isa = PBXGroup;
			children = (
				949FC8441CDA337A003BFA44 /* jquery-2.2.3.min.js */,
				94F7AFF11CD89D6300BBF12F /* ZeeguuPageInteraction.js */,
				946317461CEB4EA800B67532 /* zeeguu.css */,
				943FB7481CFC4AF90007C522 /* ZeeguuHelperFunctions.js */,
				943FB7441CFC3A700007C522 /* ZeeguuPagePreparation.js */,
				943FB7461CFC3B980007C522 /* ZeeguuVars.js */,
			);
			name = Resources;
			sourceTree = "<group>";
		};
		98D46158BD119E1159EE4212 /* Frameworks */ = {
			isa = PBXGroup;
			children = (
				48CDF19FFC36B1EEB27D5FE2 /* Pods_Zeeguu_Reader.framework */,
			);
			name = Frameworks;
			sourceTree = "<group>";
		};
		FA0A45C134501D06C425678E /* Pods */ = {
			isa = PBXGroup;
			children = (
				6E0CA9B220CAAD7E0CFC5869 /* Pods-Zeeguu Reader.debug.xcconfig */,
				44F98B3CC36CEA2DA0CFC6CC /* Pods-Zeeguu Reader.release.xcconfig */,
			);
			name = Pods;
			sourceTree = "<group>";
		};
/* End PBXGroup section */

/* Begin PBXNativeTarget section */
		947799D01C17171B00C494ED /* Zeeguu Reader */ = {
			isa = PBXNativeTarget;
			buildConfigurationList = 947799FB1C17171B00C494ED /* Build configuration list for PBXNativeTarget "Zeeguu Reader" */;
			buildPhases = (
				8D6D32950165E5C59D10772C /* 📦 Check Pods Manifest.lock */,
				947799CD1C17171B00C494ED /* Sources */,
				947799CE1C17171B00C494ED /* Frameworks */,
				947799CF1C17171B00C494ED /* Resources */,
				69D2FD1B16DAE63418FEA6EE /* 📦 Embed Pods Frameworks */,
				11D2EE77AC4E217AE87CCCD5 /* 📦 Copy Pods Resources */,
			);
			buildRules = (
			);
			dependencies = (
			);
			name = "Zeeguu Reader";
			productName = "Zeeguu Reader";
			productReference = 947799D11C17171B00C494ED /* Zeeguu Reader.app */;
			productType = "com.apple.product-type.application";
		};
		947799E61C17171B00C494ED /* Zeeguu ReaderTests */ = {
			isa = PBXNativeTarget;
			buildConfigurationList = 947799FE1C17171B00C494ED /* Build configuration list for PBXNativeTarget "Zeeguu ReaderTests" */;
			buildPhases = (
				947799E31C17171B00C494ED /* Sources */,
				947799E41C17171B00C494ED /* Frameworks */,
				947799E51C17171B00C494ED /* Resources */,
			);
			buildRules = (
			);
			dependencies = (
				947799E91C17171B00C494ED /* PBXTargetDependency */,
			);
			name = "Zeeguu ReaderTests";
			productName = "Zeeguu ReaderTests";
			productReference = 947799E71C17171B00C494ED /* Zeeguu ReaderTests.xctest */;
			productType = "com.apple.product-type.bundle.unit-test";
		};
		947799F11C17171B00C494ED /* Zeeguu ReaderUITests */ = {
			isa = PBXNativeTarget;
			buildConfigurationList = 94779A011C17171B00C494ED /* Build configuration list for PBXNativeTarget "Zeeguu ReaderUITests" */;
			buildPhases = (
				947799EE1C17171B00C494ED /* Sources */,
				947799EF1C17171B00C494ED /* Frameworks */,
				947799F01C17171B00C494ED /* Resources */,
			);
			buildRules = (
			);
			dependencies = (
				947799F41C17171B00C494ED /* PBXTargetDependency */,
			);
			name = "Zeeguu ReaderUITests";
			productName = "Zeeguu ReaderUITests";
			productReference = 947799F21C17171B00C494ED /* Zeeguu ReaderUITests.xctest */;
			productType = "com.apple.product-type.bundle.ui-testing";
		};
/* End PBXNativeTarget section */

/* Begin PBXProject section */
		947799C91C17171B00C494ED /* Project object */ = {
			isa = PBXProject;
			attributes = {
				LastSwiftUpdateCheck = 0730;
				LastUpgradeCheck = 0710;
				ORGANIZATIONNAME = "Jorrit Oosterhof";
				TargetAttributes = {
					947799D01C17171B00C494ED = {
						CreatedOnToolsVersion = 7.1.1;
						DevelopmentTeam = 3MWE9S4CWT;
					};
					947799E61C17171B00C494ED = {
						CreatedOnToolsVersion = 7.1.1;
						TestTargetID = 947799D01C17171B00C494ED;
					};
					947799F11C17171B00C494ED = {
						CreatedOnToolsVersion = 7.1.1;
						TestTargetID = 947799D01C17171B00C494ED;
					};
				};
			};
			buildConfigurationList = 947799CC1C17171B00C494ED /* Build configuration list for PBXProject "Zeeguu Reader" */;
			compatibilityVersion = "Xcode 3.2";
			developmentRegion = English;
			hasScannedForEncodings = 0;
			knownRegions = (
				en,
				Base,
			);
			mainGroup = 947799C81C17171B00C494ED;
			productRefGroup = 947799D21C17171B00C494ED /* Products */;
			projectDirPath = "";
			projectRoot = "";
			targets = (
				947799D01C17171B00C494ED /* Zeeguu Reader */,
				947799E61C17171B00C494ED /* Zeeguu ReaderTests */,
				947799F11C17171B00C494ED /* Zeeguu ReaderUITests */,
			);
		};
/* End PBXProject section */

/* Begin PBXResourcesBuildPhase section */
		947799CF1C17171B00C494ED /* Resources */ = {
			isa = PBXResourcesBuildPhase;
			buildActionMask = 2147483647;
			files = (
				943FB7491CFC4AF90007C522 /* ZeeguuHelperFunctions.js in Resources */,
				949FC8451CDA337A003BFA44 /* jquery-2.2.3.min.js in Resources */,
				943FB7471CFC3B980007C522 /* ZeeguuVars.js in Resources */,
				947799E11C17171B00C494ED /* LaunchScreen.storyboard in Resources */,
				94F7AFF31CD89F7B00BBF12F /* ZeeguuPageInteraction.js in Resources */,
				9415E5221CCF7E980091954A /* Localizable.strings in Resources */,
				946317471CEB4EA900B67532 /* zeeguu.css in Resources */,
				943FB7451CFC3A700007C522 /* ZeeguuPagePreparation.js in Resources */,
				947799DE1C17171B00C494ED /* Images.xcassets in Resources */,
			);
			runOnlyForDeploymentPostprocessing = 0;
		};
		947799E51C17171B00C494ED /* Resources */ = {
			isa = PBXResourcesBuildPhase;
			buildActionMask = 2147483647;
			files = (
			);
			runOnlyForDeploymentPostprocessing = 0;
		};
		947799F01C17171B00C494ED /* Resources */ = {
			isa = PBXResourcesBuildPhase;
			buildActionMask = 2147483647;
			files = (
			);
			runOnlyForDeploymentPostprocessing = 0;
		};
/* End PBXResourcesBuildPhase section */

/* Begin PBXShellScriptBuildPhase section */
		11D2EE77AC4E217AE87CCCD5 /* 📦 Copy Pods Resources */ = {
			isa = PBXShellScriptBuildPhase;
			buildActionMask = 2147483647;
			files = (
			);
			inputPaths = (
			);
			name = "📦 Copy Pods Resources";
			outputPaths = (
			);
			runOnlyForDeploymentPostprocessing = 0;
			shellPath = /bin/sh;
			shellScript = "\"${SRCROOT}/Pods/Target Support Files/Pods-Zeeguu Reader/Pods-Zeeguu Reader-resources.sh\"\n";
			showEnvVarsInLog = 0;
		};
		69D2FD1B16DAE63418FEA6EE /* 📦 Embed Pods Frameworks */ = {
			isa = PBXShellScriptBuildPhase;
			buildActionMask = 2147483647;
			files = (
			);
			inputPaths = (
			);
			name = "📦 Embed Pods Frameworks";
			outputPaths = (
			);
			runOnlyForDeploymentPostprocessing = 0;
			shellPath = /bin/sh;
			shellScript = "\"${SRCROOT}/Pods/Target Support Files/Pods-Zeeguu Reader/Pods-Zeeguu Reader-frameworks.sh\"\n";
			showEnvVarsInLog = 0;
		};
		8D6D32950165E5C59D10772C /* 📦 Check Pods Manifest.lock */ = {
			isa = PBXShellScriptBuildPhase;
			buildActionMask = 2147483647;
			files = (
			);
			inputPaths = (
			);
			name = "📦 Check Pods Manifest.lock";
			outputPaths = (
			);
			runOnlyForDeploymentPostprocessing = 0;
			shellPath = /bin/sh;
			shellScript = "diff \"${PODS_ROOT}/../Podfile.lock\" \"${PODS_ROOT}/Manifest.lock\" > /dev/null\nif [[ $? != 0 ]] ; then\n    cat << EOM\nerror: The sandbox is not in sync with the Podfile.lock. Run 'pod install' or update your CocoaPods installation.\nEOM\n    exit 1\nfi\n";
			showEnvVarsInLog = 0;
		};
/* End PBXShellScriptBuildPhase section */

/* Begin PBXSourcesBuildPhase section */
		947799CD1C17171B00C494ED /* Sources */ = {
			isa = PBXSourcesBuildPhase;
			buildActionMask = 2147483647;
			files = (
				94779A0E1C1722E500C494ED /* UIViewExtension.swift in Sources */,
				94C748281C39220400F3DCC2 /* HistoryTableViewController.swift in Sources */,
				9423A1E11C4E690700D18198 /* FeedTableViewCell.swift in Sources */,
				9440B02C1C380CBC00BDD367 /* ZGTableViewController.swift in Sources */,
				94F208861C58C6F30005EB2F /* ArticleTableViewCell.swift in Sources */,
				94CEECE91C1DA27A00C3D0E3 /* RegisterTableViewController.swift in Sources */,
				94B758321C36B797001B4294 /* AddFeedTableViewController.swift in Sources */,
				942667A21C60CA1600CF00FA /* HistoryItemView.swift in Sources */,
				94FC8D021CDB874F0032E72A /* ZGJavaScriptAction.swift in Sources */,
				9467CEDA1D04259B00D07DFE /* Constants.swift in Sources */,
				9408F0441C1C8461002F9637 /* StringExtension.swift in Sources */,
				9408F0401C1C8160002F9637 /* LoginTableViewController.swift in Sources */,
				94CEECEB1C1DA41300C3D0E3 /* LoginRegisterTableViewController.swift in Sources */,
				94F2088A1C58D4870005EB2F /* HistoryItemViewController.swift in Sources */,
				94E7CF221CF345F7001F119B /* UpdateTranslationViewController.swift in Sources */,
				9440B02A1C380A1900BDD367 /* FeedOverviewTableViewController.swift in Sources */,
				94CEECED1C1DA54000C3D0E3 /* LanguagesTableViewController.swift in Sources */,
				9438B3501D0AB71300764176 /* ZGSlideInPresentationController.swift in Sources */,
				9408F0461C1C855F002F9637 /* ZGTextFieldTableViewCell.swift in Sources */,
				947799D91C17171B00C494ED /* ArticleViewController.swift in Sources */,
				94F7AFF51CD8A79F00BBF12F /* ZGWebView.swift in Sources */,
				94779A2A1C17452800C494ED /* ZGTextView.swift in Sources */,
				947799D71C17171B00C494ED /* ArticleListViewController.swift in Sources */,
				94CEECE51C1D7C3200C3D0E3 /* UIViewControllerExtension.swift in Sources */,
				945658191C42B804000CDF3F /* AppIcon.swift in Sources */,
				944FCB311CC38138003CF9F6 /* ArticleViewOptionsTableViewController.swift in Sources */,
				94779A121C17348B00C494ED /* ArticleViewTranslationMode.swift in Sources */,
				947799D51C17171B00C494ED /* AppDelegate.swift in Sources */,
				94771E1D1D0597DD00D0F171 /* ArticleInfoView.swift in Sources */,
				94C7482F1C39498200F3DCC2 /* ProfileTableViewController.swift in Sources */,
				949D59B31C7DD32D007C4A0C /* AppColor.swift in Sources */,
				94CEECE31C1D792E00C3D0E3 /* Utils.swift in Sources */,
				949B6C431C4D4DDC00CF9BB0 /* SelectFeedsTableViewController.swift in Sources */,
			);
			runOnlyForDeploymentPostprocessing = 0;
		};
		947799E31C17171B00C494ED /* Sources */ = {
			isa = PBXSourcesBuildPhase;
			buildActionMask = 2147483647;
			files = (
				947799EC1C17171B00C494ED /* Zeeguu_ReaderTests.swift in Sources */,
			);
			runOnlyForDeploymentPostprocessing = 0;
		};
		947799EE1C17171B00C494ED /* Sources */ = {
			isa = PBXSourcesBuildPhase;
			buildActionMask = 2147483647;
			files = (
				947799F71C17171B00C494ED /* Zeeguu_ReaderUITests.swift in Sources */,
			);
			runOnlyForDeploymentPostprocessing = 0;
		};
/* End PBXSourcesBuildPhase section */

/* Begin PBXTargetDependency section */
		947799E91C17171B00C494ED /* PBXTargetDependency */ = {
			isa = PBXTargetDependency;
			target = 947799D01C17171B00C494ED /* Zeeguu Reader */;
			targetProxy = 947799E81C17171B00C494ED /* PBXContainerItemProxy */;
		};
		947799F41C17171B00C494ED /* PBXTargetDependency */ = {
			isa = PBXTargetDependency;
			target = 947799D01C17171B00C494ED /* Zeeguu Reader */;
			targetProxy = 947799F31C17171B00C494ED /* PBXContainerItemProxy */;
		};
/* End PBXTargetDependency section */

/* Begin PBXVariantGroup section */
		9415E5241CCF7E980091954A /* Localizable.strings */ = {
			isa = PBXVariantGroup;
			children = (
				9415E5231CCF7E980091954A /* en */,
			);
			name = Localizable.strings;
			sourceTree = "<group>";
		};
		947799DF1C17171B00C494ED /* LaunchScreen.storyboard */ = {
			isa = PBXVariantGroup;
			children = (
				947799E01C17171B00C494ED /* Base */,
			);
			name = LaunchScreen.storyboard;
			sourceTree = "<group>";
		};
/* End PBXVariantGroup section */

/* Begin XCBuildConfiguration section */
		947799F91C17171B00C494ED /* Debug */ = {
			isa = XCBuildConfiguration;
			buildSettings = {
				ALWAYS_SEARCH_USER_PATHS = NO;
				CLANG_CXX_LANGUAGE_STANDARD = "gnu++0x";
				CLANG_CXX_LIBRARY = "libc++";
				CLANG_ENABLE_MODULES = YES;
				CLANG_ENABLE_OBJC_ARC = YES;
				CLANG_WARN_BOOL_CONVERSION = YES;
				CLANG_WARN_CONSTANT_CONVERSION = YES;
				CLANG_WARN_DIRECT_OBJC_ISA_USAGE = YES_ERROR;
				CLANG_WARN_EMPTY_BODY = YES;
				CLANG_WARN_ENUM_CONVERSION = YES;
				CLANG_WARN_INT_CONVERSION = YES;
				CLANG_WARN_OBJC_ROOT_CLASS = YES_ERROR;
				CLANG_WARN_UNREACHABLE_CODE = YES;
				CLANG_WARN__DUPLICATE_METHOD_MATCH = YES;
				"CODE_SIGN_IDENTITY[sdk=iphoneos*]" = "iPhone Developer";
				COPY_PHASE_STRIP = NO;
				DEBUG_INFORMATION_FORMAT = dwarf;
				ENABLE_STRICT_OBJC_MSGSEND = YES;
				ENABLE_TESTABILITY = YES;
				GCC_C_LANGUAGE_STANDARD = gnu99;
				GCC_DYNAMIC_NO_PIC = NO;
				GCC_NO_COMMON_BLOCKS = YES;
				GCC_OPTIMIZATION_LEVEL = 0;
				GCC_PREPROCESSOR_DEFINITIONS = (
					"DEBUG=1",
					"$(inherited)",
				);
				GCC_WARN_64_TO_32_BIT_CONVERSION = YES;
				GCC_WARN_ABOUT_RETURN_TYPE = YES_ERROR;
				GCC_WARN_UNDECLARED_SELECTOR = YES;
				GCC_WARN_UNINITIALIZED_AUTOS = YES_AGGRESSIVE;
				GCC_WARN_UNUSED_FUNCTION = YES;
				GCC_WARN_UNUSED_VARIABLE = YES;
				IPHONEOS_DEPLOYMENT_TARGET = 9.1;
				MTL_ENABLE_DEBUG_INFO = YES;
				ONLY_ACTIVE_ARCH = YES;
				SDKROOT = iphoneos;
				SWIFT_OPTIMIZATION_LEVEL = "-Onone";
				TARGETED_DEVICE_FAMILY = "1,2";
			};
			name = Debug;
		};
		947799FA1C17171B00C494ED /* Release */ = {
			isa = XCBuildConfiguration;
			buildSettings = {
				ALWAYS_SEARCH_USER_PATHS = NO;
				CLANG_CXX_LANGUAGE_STANDARD = "gnu++0x";
				CLANG_CXX_LIBRARY = "libc++";
				CLANG_ENABLE_MODULES = YES;
				CLANG_ENABLE_OBJC_ARC = YES;
				CLANG_WARN_BOOL_CONVERSION = YES;
				CLANG_WARN_CONSTANT_CONVERSION = YES;
				CLANG_WARN_DIRECT_OBJC_ISA_USAGE = YES_ERROR;
				CLANG_WARN_EMPTY_BODY = YES;
				CLANG_WARN_ENUM_CONVERSION = YES;
				CLANG_WARN_INT_CONVERSION = YES;
				CLANG_WARN_OBJC_ROOT_CLASS = YES_ERROR;
				CLANG_WARN_UNREACHABLE_CODE = YES;
				CLANG_WARN__DUPLICATE_METHOD_MATCH = YES;
				"CODE_SIGN_IDENTITY[sdk=iphoneos*]" = "iPhone Developer";
				COPY_PHASE_STRIP = NO;
				DEBUG_INFORMATION_FORMAT = "dwarf-with-dsym";
				ENABLE_NS_ASSERTIONS = NO;
				ENABLE_STRICT_OBJC_MSGSEND = YES;
				GCC_C_LANGUAGE_STANDARD = gnu99;
				GCC_NO_COMMON_BLOCKS = YES;
				GCC_WARN_64_TO_32_BIT_CONVERSION = YES;
				GCC_WARN_ABOUT_RETURN_TYPE = YES_ERROR;
				GCC_WARN_UNDECLARED_SELECTOR = YES;
				GCC_WARN_UNINITIALIZED_AUTOS = YES_AGGRESSIVE;
				GCC_WARN_UNUSED_FUNCTION = YES;
				GCC_WARN_UNUSED_VARIABLE = YES;
				IPHONEOS_DEPLOYMENT_TARGET = 9.1;
				MTL_ENABLE_DEBUG_INFO = NO;
				SDKROOT = iphoneos;
				TARGETED_DEVICE_FAMILY = "1,2";
				VALIDATE_PRODUCT = YES;
			};
			name = Release;
		};
		947799FC1C17171B00C494ED /* Debug */ = {
			isa = XCBuildConfiguration;
			baseConfigurationReference = 6E0CA9B220CAAD7E0CFC5869 /* Pods-Zeeguu Reader.debug.xcconfig */;
			buildSettings = {
				ASSETCATALOG_COMPILER_APPICON_NAME = zeeguuLogo;
				CLANG_ENABLE_MODULES = YES;
				CODE_SIGN_IDENTITY = "iPhone Developer";
				"CODE_SIGN_IDENTITY[sdk=iphoneos*]" = "iPhone Developer";
				FRAMEWORK_SEARCH_PATHS = (
					"$(inherited)",
					"$(PROJECT_DIR)",
				);
				INFOPLIST_FILE = "Zeeguu Reader/Info.plist";
				LD_RUNPATH_SEARCH_PATHS = "$(inherited) @executable_path/Frameworks";
				PRODUCT_BUNDLE_IDENTIFIER = "ch.unibe.zeeguu.Zeeguu-Reader-iOS";
				PRODUCT_NAME = "$(TARGET_NAME)";
				PROVISIONING_PROFILE = "";
				SWIFT_INSTALL_OBJC_HEADER = NO;
				SWIFT_OBJC_BRIDGING_HEADER = "";
				SWIFT_OPTIMIZATION_LEVEL = "-Onone";
			};
			name = Debug;
		};
		947799FD1C17171B00C494ED /* Release */ = {
			isa = XCBuildConfiguration;
			baseConfigurationReference = 44F98B3CC36CEA2DA0CFC6CC /* Pods-Zeeguu Reader.release.xcconfig */;
			buildSettings = {
				ASSETCATALOG_COMPILER_APPICON_NAME = zeeguuLogo;
				CLANG_ENABLE_MODULES = YES;
				CODE_SIGN_IDENTITY = "iPhone Developer";
				"CODE_SIGN_IDENTITY[sdk=iphoneos*]" = "iPhone Developer";
				FRAMEWORK_SEARCH_PATHS = (
					"$(inherited)",
					"$(PROJECT_DIR)",
				);
				INFOPLIST_FILE = "Zeeguu Reader/Info.plist";
				LD_RUNPATH_SEARCH_PATHS = "$(inherited) @executable_path/Frameworks";
				PRODUCT_BUNDLE_IDENTIFIER = "ch.unibe.zeeguu.Zeeguu-Reader-iOS";
				PRODUCT_NAME = "$(TARGET_NAME)";
				PROVISIONING_PROFILE = "";
				SWIFT_INSTALL_OBJC_HEADER = NO;
				SWIFT_OBJC_BRIDGING_HEADER = "";
			};
			name = Release;
		};
		947799FF1C17171B00C494ED /* Debug */ = {
			isa = XCBuildConfiguration;
			buildSettings = {
				BUNDLE_LOADER = "$(TEST_HOST)";
				INFOPLIST_FILE = "Zeeguu ReaderTests/Info.plist";
				LD_RUNPATH_SEARCH_PATHS = "$(inherited) @executable_path/Frameworks @loader_path/Frameworks";
				PRODUCT_BUNDLE_IDENTIFIER = "ch.unibe.zeeguu.Zeeguu-ReaderTests";
				PRODUCT_NAME = "$(TARGET_NAME)";
				TEST_HOST = "$(BUILT_PRODUCTS_DIR)/Zeeguu Reader.app/Zeeguu Reader";
			};
			name = Debug;
		};
		94779A001C17171B00C494ED /* Release */ = {
			isa = XCBuildConfiguration;
			buildSettings = {
				BUNDLE_LOADER = "$(TEST_HOST)";
				INFOPLIST_FILE = "Zeeguu ReaderTests/Info.plist";
				LD_RUNPATH_SEARCH_PATHS = "$(inherited) @executable_path/Frameworks @loader_path/Frameworks";
				PRODUCT_BUNDLE_IDENTIFIER = "ch.unibe.zeeguu.Zeeguu-ReaderTests";
				PRODUCT_NAME = "$(TARGET_NAME)";
				TEST_HOST = "$(BUILT_PRODUCTS_DIR)/Zeeguu Reader.app/Zeeguu Reader";
			};
			name = Release;
		};
		94779A021C17171B00C494ED /* Debug */ = {
			isa = XCBuildConfiguration;
			buildSettings = {
				INFOPLIST_FILE = "Zeeguu ReaderUITests/Info.plist";
				LD_RUNPATH_SEARCH_PATHS = "$(inherited) @executable_path/Frameworks @loader_path/Frameworks";
				PRODUCT_BUNDLE_IDENTIFIER = "ch.unibe.zeeguu.Zeeguu-ReaderUITests";
				PRODUCT_NAME = "$(TARGET_NAME)";
				TEST_TARGET_NAME = "Zeeguu Reader";
				USES_XCTRUNNER = YES;
			};
			name = Debug;
		};
		94779A031C17171B00C494ED /* Release */ = {
			isa = XCBuildConfiguration;
			buildSettings = {
				INFOPLIST_FILE = "Zeeguu ReaderUITests/Info.plist";
				LD_RUNPATH_SEARCH_PATHS = "$(inherited) @executable_path/Frameworks @loader_path/Frameworks";
				PRODUCT_BUNDLE_IDENTIFIER = "ch.unibe.zeeguu.Zeeguu-ReaderUITests";
				PRODUCT_NAME = "$(TARGET_NAME)";
				TEST_TARGET_NAME = "Zeeguu Reader";
				USES_XCTRUNNER = YES;
			};
			name = Release;
		};
/* End XCBuildConfiguration section */

/* Begin XCConfigurationList section */
		947799CC1C17171B00C494ED /* Build configuration list for PBXProject "Zeeguu Reader" */ = {
			isa = XCConfigurationList;
			buildConfigurations = (
				947799F91C17171B00C494ED /* Debug */,
				947799FA1C17171B00C494ED /* Release */,
			);
			defaultConfigurationIsVisible = 0;
			defaultConfigurationName = Release;
		};
		947799FB1C17171B00C494ED /* Build configuration list for PBXNativeTarget "Zeeguu Reader" */ = {
			isa = XCConfigurationList;
			buildConfigurations = (
				947799FC1C17171B00C494ED /* Debug */,
				947799FD1C17171B00C494ED /* Release */,
			);
			defaultConfigurationIsVisible = 0;
			defaultConfigurationName = Release;
		};
		947799FE1C17171B00C494ED /* Build configuration list for PBXNativeTarget "Zeeguu ReaderTests" */ = {
			isa = XCConfigurationList;
			buildConfigurations = (
				947799FF1C17171B00C494ED /* Debug */,
				94779A001C17171B00C494ED /* Release */,
			);
			defaultConfigurationIsVisible = 0;
			defaultConfigurationName = Release;
		};
		94779A011C17171B00C494ED /* Build configuration list for PBXNativeTarget "Zeeguu ReaderUITests" */ = {
			isa = XCConfigurationList;
			buildConfigurations = (
				94779A021C17171B00C494ED /* Debug */,
				94779A031C17171B00C494ED /* Release */,
			);
			defaultConfigurationIsVisible = 0;
			defaultConfigurationName = Release;
		};
/* End XCConfigurationList section */
	};
	rootObject = 947799C91C17171B00C494ED /* Project object */;
}
