PODS:
  - SwiftyJSON (2.3.2)
  - Zeeguu-API-iOS (1.0.14):
    - SwiftyJSON

DEPENDENCIES:
  - SwiftyJSON (from `https://github.com/SwiftyJSON/SwiftyJSON.git`)
  - Zeeguu-API-iOS (from `https://github.com/mircealungu/Zeeguu-API-iOS`)

EXTERNAL SOURCES:
  SwiftyJSON:
    :git: https://github.com/SwiftyJSON/SwiftyJSON.git
  Zeeguu-API-iOS:
    :git: https://github.com/mircealungu/Zeeguu-API-iOS

CHECKOUT OPTIONS:
  SwiftyJSON:
    :commit: 73670b94292b8d8496c398a973f56ac67789ba9f
    :git: https://github.com/SwiftyJSON/SwiftyJSON.git
  Zeeguu-API-iOS:
    :commit: 6221c712fa81cb4ce59d69eaea3a557b94ec2fac
    :git: https://github.com/mircealungu/Zeeguu-API-iOS

SPEC CHECKSUMS:
  SwiftyJSON: 04ccea08915aa0109039157c7974cf0298da292a
  Zeeguu-API-iOS: 2e5ba2a7fc80690e71eb720b7a07e42a6853a3a4

PODFILE CHECKSUM: dfbbb381420554017c5e95e676369548d70dba9e

COCOAPODS: 1.0.0
