PODS:
  - SwiftyJSON (2.3.2)
  - Zeeguu-API-iOS (1.0.23):
    - SwiftyJSON

DEPENDENCIES:
  - SwiftyJSON (from `https://github.com/SwiftyJSON/SwiftyJSON.git`)
  - Zeeguu-API-iOS (from `https://github.com/mircealungu/Zeeguu-API-iOS`)

EXTERNAL SOURCES:
  SwiftyJSON:
    :git: https://github.com/SwiftyJSON/SwiftyJSON.git
  Zeeguu-API-iOS:
    :git: https://github.com/mircealungu/Zeeguu-API-iOS

CHECKOUT OPTIONS:
  SwiftyJSON:
    :commit: 73670b94292b8d8496c398a973f56ac67789ba9f
    :git: https://github.com/SwiftyJSON/SwiftyJSON.git
  Zeeguu-API-iOS:
    :commit: cfe5c002f21a1011df147e9614ab87cd969d0c6e
    :git: https://github.com/mircealungu/Zeeguu-API-iOS

SPEC CHECKSUMS:
  SwiftyJSON: 04ccea08915aa0109039157c7974cf0298da292a
  Zeeguu-API-iOS: a3fb15f0deb5ebbdf361cd79414f3631b4eae9b1

PODFILE CHECKSUM: dfbbb381420554017c5e95e676369548d70dba9e

COCOAPODS: 1.0.0
