PODS:
  - SwiftyJSON (2.3.2)
  - Zeeguu-API-iOS (1.0.11):
    - SwiftyJSON

DEPENDENCIES:
  - SwiftyJSON (from `https://github.com/SwiftyJSON/SwiftyJSON.git`)
  - Zeeguu-API-iOS (from `https://github.com/mircealungu/Zeeguu-API-iOS`)

EXTERNAL SOURCES:
  SwiftyJSON:
    :git: https://github.com/SwiftyJSON/SwiftyJSON.git
  Zeeguu-API-iOS:
    :git: https://github.com/mircealungu/Zeeguu-API-iOS

CHECKOUT OPTIONS:
  SwiftyJSON:
    :commit: 2a5b70f06001316d4fb54501edc70b4084705da0
    :git: https://github.com/SwiftyJSON/SwiftyJSON.git
  Zeeguu-API-iOS:
    :commit: d0eba7c0fbd3c3f7bb996e52e02c8dcf83882479
    :git: https://github.com/mircealungu/Zeeguu-API-iOS

SPEC CHECKSUMS:
  SwiftyJSON: 04ccea08915aa0109039157c7974cf0298da292a
  Zeeguu-API-iOS: a786cad31d6b3c3acf5c8bccf81363d073c79efe

PODFILE CHECKSUM: dfbbb381420554017c5e95e676369548d70dba9e

COCOAPODS: 1.0.0
